
Microsoft Visual Studio Solution File, Format Version 12.00
# Visual Studio 15
Project("{FAE04EC0-301F-11D3-BF4B-00C04F79EFBC}") = "Lab4", "Lab4\Lab4.csproj", "{80C18695-B6AD-4151-A88D-F6324BC1C7FA}"
EndProject
Global
	GlobalSection(SolutionConfigurationPlatforms) = preSolution
		Debug|anycpu = Debug|anycpu
		Release|anycpu = Release|anycpu
	EndGlobalSection
	GlobalSection(ProjectConfigurationPlatforms) = postSolution
		{80C18695-B6AD-4151-A88D-F6324BC1C7FA}.Debug|anycpu.ActiveCfg = Debug|anycpu
		{80C18695-B6AD-4151-A88D-F6324BC1C7FA}.Debug|anycpu.Build.0 = Debug|anycpu
		{80C18695-B6AD-4151-A88D-F6324BC1C7FA}.Release|anycpu.ActiveCfg = Release|anycpu
		{80C18695-B6AD-4151-A88D-F6324BC1C7FA}.Release|anycpu.Build.0 = Release|anycpu
	EndGlobalSection
EndGlobal
